# THIS IS AN AUTOGENERATED FILE. DO NOT EDIT THIS FILE DIRECTLY.
# yarn lockfile v1


typescript-parsec@^0.3.2:
  version "0.3.2"
  resolved "https://registry.yarnpkg.com/typescript-parsec/-/typescript-parsec-0.3.2.tgz#bcaea1d0a892e7c08a20403772592b89d8604920"
  integrity sha512-gmjYQBXsF7Rm3KHOv1zajh/xkFrV+53CQImy0MkUsDcS9VOV2K6q7d+zDbcOOFY0m4Or9SJwUzIQ4wealLCCkQ==
